
Microsoft Visual Studio Solution File, Format Version 12.00
# Visual Studio Version 17
VisualStudioVersion = 17.13.35919.96 d17.13
MinimumVisualStudioVersion = 10.0.40219.1
Project("{FAE04EC0-301F-11D3-BF4B-00C04F79EFBC}") = "apiexample1", "apiexample1\apiexample1.csproj", "{7D472998-49E1-4141-B8FD-6F21B2572644}"
	ProjectSection(ProjectDependencies) = postProject
		{0D1DAD82-94E4-4518-9E18-2C6E59781F3B} = {0D1DAD82-94E4-4518-9E18-2C6E59781F3B}
	EndProjectSection
EndProject
Project("{FAE04EC0-301F-11D3-BF4B-00C04F79EFBC}") = "Dataaccess", "Dataaccess\Dataaccess.csproj", "{0D1DAD82-94E4-4518-9E18-2C6E59781F3B}"
EndProject
Project("{FAE04EC0-301F-11D3-BF4B-00C04F79EFBC}") = "Business", "Business\Business.csproj", "{8C01CD6B-FCF2-4C3B-BBB5-CF564834D2FC}"
	ProjectSection(ProjectDependencies) = postProject
		{0D1DAD82-94E4-4518-9E18-2C6E59781F3B} = {0D1DAD82-94E4-4518-9E18-2C6E59781F3B}
	EndProjectSection
EndProject
Global
	GlobalSection(SolutionConfigurationPlatforms) = preSolution
		Debug|Any CPU = Debug|Any CPU
		Release|Any CPU = Release|Any CPU
	EndGlobalSection
	GlobalSection(ProjectConfigurationPlatforms) = postSolution
		{7D472998-49E1-4141-B8FD-6F21B2572644}.Debug|Any CPU.ActiveCfg = Debug|Any CPU
		{7D472998-49E1-4141-B8FD-6F21B2572644}.Debug|Any CPU.Build.0 = Debug|Any CPU
		{7D472998-49E1-4141-B8FD-6F21B2572644}.Release|Any CPU.ActiveCfg = Release|Any CPU
		{7D472998-49E1-4141-B8FD-6F21B2572644}.Release|Any CPU.Build.0 = Release|Any CPU
		{0D1DAD82-94E4-4518-9E18-2C6E59781F3B}.Debug|Any CPU.ActiveCfg = Debug|Any CPU
		{0D1DAD82-94E4-4518-9E18-2C6E59781F3B}.Debug|Any CPU.Build.0 = Debug|Any CPU
		{0D1DAD82-94E4-4518-9E18-2C6E59781F3B}.Release|Any CPU.ActiveCfg = Release|Any CPU
		{0D1DAD82-94E4-4518-9E18-2C6E59781F3B}.Release|Any CPU.Build.0 = Release|Any CPU
		{8C01CD6B-FCF2-4C3B-BBB5-CF564834D2FC}.Debug|Any CPU.ActiveCfg = Debug|Any CPU
		{8C01CD6B-FCF2-4C3B-BBB5-CF564834D2FC}.Debug|Any CPU.Build.0 = Debug|Any CPU
		{8C01CD6B-FCF2-4C3B-BBB5-CF564834D2FC}.Release|Any CPU.ActiveCfg = Release|Any CPU
		{8C01CD6B-FCF2-4C3B-BBB5-CF564834D2FC}.Release|Any CPU.Build.0 = Release|Any CPU
	EndGlobalSection
	GlobalSection(SolutionProperties) = preSolution
		HideSolutionNode = FALSE
	EndGlobalSection
	GlobalSection(ExtensibilityGlobals) = postSolution
		SolutionGuid = {C500E121-918A-4B95-A5F8-1981616F3173}
	EndGlobalSection
EndGlobal
